
Microsoft Visual Studio Solution File, Format Version 12.00
# Visual Studio Version 17
VisualStudioVersion = 17.8.34330.188
MinimumVisualStudioVersion = 10.0.40219.1
Project("{FAE04EC0-301F-11D3-BF4B-00C04F79EFBC}") = "1-FirstApplication", "FirstApplication\1-FirstApplication.csproj", "{4753C014-6829-49B9-A4E3-2A370E02CEDB}"
EndProject
Project("{FAE04EC0-301F-11D3-BF4B-00C04F79EFBC}") = "2-DemoOperator", "DemoOperator\2-DemoOperator.csproj", "{75DD5530-53D3-4718-896B-455633F856F5}"
EndProject
Project("{FAE04EC0-301F-11D3-BF4B-00C04F79EFBC}") = "4-ComparisonOperator", "ComparisonOperator\4-ComparisonOperator.csproj", "{9F4AFAF1-750F-417F-9A14-4F75BF5369B2}"
EndProject
Project("{FAE04EC0-301F-11D3-BF4B-00C04F79EFBC}") = "5-AssignmentOperator", "AssignmentOperator\5-AssignmentOperator.csproj", "{E9508073-46B9-4AAF-B874-033C4D7FD7F0}"
EndProject
Project("{FAE04EC0-301F-11D3-BF4B-00C04F79EFBC}") = "3-LogicalOperator", "LogicalOperator\3-LogicalOperator.csproj", "{0A9311B6-6618-4118-AB76-9551C3B0F5EE}"
EndProject
Project("{FAE04EC0-301F-11D3-BF4B-00C04F79EFBC}") = "6-DemoComment", "DemoComment\6-DemoComment.csproj", "{46D46634-0B5A-4727-BCED-BFECE2EEBCAF}"
EndProject
Project("{FAE04EC0-301F-11D3-BF4B-00C04F79EFBC}") = "7-NonPrimitiveType", "NonPrimitiveType\7-NonPrimitiveType.csproj", "{1D95AC74-142B-4234-80A2-F1299AAABA6B}"
EndProject
Project("{FAE04EC0-301F-11D3-BF4B-00C04F79EFBC}") = "8-DemoString", "DemoString\8-DemoString.csproj", "{EA2C52F9-4650-4B34-B1EE-8CB3F2269ABE}"
EndProject
Project("{FAE04EC0-301F-11D3-BF4B-00C04F79EFBC}") = "9-IfCondition", "9-IfCondition\9-IfCondition.csproj", "{66DF0C1E-04FA-48FC-9608-5DF74E3DE582}"
EndProject
Project("{FAE04EC0-301F-11D3-BF4B-00C04F79EFBC}") = "10-DemoSwitch", "10-DemoSwitch\10-DemoSwitch.csproj", "{80E4F0B7-B7B9-4F60-A2FB-754D67FA0117}"
EndProject
Project("{FAE04EC0-301F-11D3-BF4B-00C04F79EFBC}") = "11 ForLoop", "11 ForLoop\11 ForLoop.csproj", "{CC47CB54-5E33-48CE-96F4-D6D29BB06F5C}"
EndProject
Project("{FAE04EC0-301F-11D3-BF4B-00C04F79EFBC}") = "12 WhileLoop", "12 WhileLoop\12 WhileLoop.csproj", "{89310D38-067F-4F8E-BF59-68E797E41EA2}"
EndProject
Project("{FAE04EC0-301F-11D3-BF4B-00C04F79EFBC}") = "13 DoWhileLoop", "13 DoWhileLoop\13 DoWhileLoop.csproj", "{2792F97E-9EA1-4929-8BD6-BEA2E8C9C1EE}"
EndProject
Project("{FAE04EC0-301F-11D3-BF4B-00C04F79EFBC}") = "14 ForeachLoop", "14 ForeachLoop\14 ForeachLoop.csproj", "{8F70F52B-1863-46E9-977F-A70BCC9F7D1C}"
EndProject
Project("{FAE04EC0-301F-11D3-BF4B-00C04F79EFBC}") = "15 BreakContinueGoto", "14 BreakContinueGoto\15 BreakContinueGoto.csproj", "{6881DC80-A1E5-4D36-965E-E537CDEE3C13}"
EndProject
Project("{FAE04EC0-301F-11D3-BF4B-00C04F79EFBC}") = "14 Multi-DimensionArray", "14 Multi-DimensionArray\14 Multi-DimensionArray.csproj", "{2AC0A95E-0F1F-4076-AC8B-04AD4DCF9900}"
EndProject
Project("{FAE04EC0-301F-11D3-BF4B-00C04F79EFBC}") = "16 ArrayClass", "16 ArrayClass\16 ArrayClass.csproj", "{CFE1D803-8033-4F93-846F-BB6EBC0D8A99}"
EndProject
Project("{FAE04EC0-301F-11D3-BF4B-00C04F79EFBC}") = "17 String", "17 String\17 String.csproj", "{63DB042D-0897-4C78-9F51-C11437D35A7E}"
EndProject
Project("{FAE04EC0-301F-11D3-BF4B-00C04F79EFBC}") = "18 Datetime", "18 Datetime\18 Datetime.csproj", "{3D535EBE-C8DB-433C-B521-B347AC01F481}"
EndProject
Global
	GlobalSection(SolutionConfigurationPlatforms) = preSolution
		Debug|Any CPU = Debug|Any CPU
		Release|Any CPU = Release|Any CPU
	EndGlobalSection
	GlobalSection(ProjectConfigurationPlatforms) = postSolution
		{4753C014-6829-49B9-A4E3-2A370E02CEDB}.Debug|Any CPU.ActiveCfg = Debug|Any CPU
		{4753C014-6829-49B9-A4E3-2A370E02CEDB}.Debug|Any CPU.Build.0 = Debug|Any CPU
		{4753C014-6829-49B9-A4E3-2A370E02CEDB}.Release|Any CPU.ActiveCfg = Release|Any CPU
		{4753C014-6829-49B9-A4E3-2A370E02CEDB}.Release|Any CPU.Build.0 = Release|Any CPU
		{75DD5530-53D3-4718-896B-455633F856F5}.Debug|Any CPU.ActiveCfg = Debug|Any CPU
		{75DD5530-53D3-4718-896B-455633F856F5}.Debug|Any CPU.Build.0 = Debug|Any CPU
		{75DD5530-53D3-4718-896B-455633F856F5}.Release|Any CPU.ActiveCfg = Release|Any CPU
		{75DD5530-53D3-4718-896B-455633F856F5}.Release|Any CPU.Build.0 = Release|Any CPU
		{9F4AFAF1-750F-417F-9A14-4F75BF5369B2}.Debug|Any CPU.ActiveCfg = Debug|Any CPU
		{9F4AFAF1-750F-417F-9A14-4F75BF5369B2}.Debug|Any CPU.Build.0 = Debug|Any CPU
		{9F4AFAF1-750F-417F-9A14-4F75BF5369B2}.Release|Any CPU.ActiveCfg = Release|Any CPU
		{9F4AFAF1-750F-417F-9A14-4F75BF5369B2}.Release|Any CPU.Build.0 = Release|Any CPU
		{E9508073-46B9-4AAF-B874-033C4D7FD7F0}.Debug|Any CPU.ActiveCfg = Debug|Any CPU
		{E9508073-46B9-4AAF-B874-033C4D7FD7F0}.Debug|Any CPU.Build.0 = Debug|Any CPU
		{E9508073-46B9-4AAF-B874-033C4D7FD7F0}.Release|Any CPU.ActiveCfg = Release|Any CPU
		{E9508073-46B9-4AAF-B874-033C4D7FD7F0}.Release|Any CPU.Build.0 = Release|Any CPU
		{0A9311B6-6618-4118-AB76-9551C3B0F5EE}.Debug|Any CPU.ActiveCfg = Debug|Any CPU
		{0A9311B6-6618-4118-AB76-9551C3B0F5EE}.Debug|Any CPU.Build.0 = Debug|Any CPU
		{0A9311B6-6618-4118-AB76-9551C3B0F5EE}.Release|Any CPU.ActiveCfg = Release|Any CPU
		{0A9311B6-6618-4118-AB76-9551C3B0F5EE}.Release|Any CPU.Build.0 = Release|Any CPU
		{46D46634-0B5A-4727-BCED-BFECE2EEBCAF}.Debug|Any CPU.ActiveCfg = Debug|Any CPU
		{46D46634-0B5A-4727-BCED-BFECE2EEBCAF}.Debug|Any CPU.Build.0 = Debug|Any CPU
		{46D46634-0B5A-4727-BCED-BFECE2EEBCAF}.Release|Any CPU.ActiveCfg = Release|Any CPU
		{46D46634-0B5A-4727-BCED-BFECE2EEBCAF}.Release|Any CPU.Build.0 = Release|Any CPU
		{1D95AC74-142B-4234-80A2-F1299AAABA6B}.Debug|Any CPU.ActiveCfg = Debug|Any CPU
		{1D95AC74-142B-4234-80A2-F1299AAABA6B}.Debug|Any CPU.Build.0 = Debug|Any CPU
		{1D95AC74-142B-4234-80A2-F1299AAABA6B}.Release|Any CPU.ActiveCfg = Release|Any CPU
		{1D95AC74-142B-4234-80A2-F1299AAABA6B}.Release|Any CPU.Build.0 = Release|Any CPU
		{EA2C52F9-4650-4B34-B1EE-8CB3F2269ABE}.Debug|Any CPU.ActiveCfg = Debug|Any CPU
		{EA2C52F9-4650-4B34-B1EE-8CB3F2269ABE}.Debug|Any CPU.Build.0 = Debug|Any CPU
		{EA2C52F9-4650-4B34-B1EE-8CB3F2269ABE}.Release|Any CPU.ActiveCfg = Release|Any CPU
		{EA2C52F9-4650-4B34-B1EE-8CB3F2269ABE}.Release|Any CPU.Build.0 = Release|Any CPU
		{66DF0C1E-04FA-48FC-9608-5DF74E3DE582}.Debug|Any CPU.ActiveCfg = Debug|Any CPU
		{66DF0C1E-04FA-48FC-9608-5DF74E3DE582}.Debug|Any CPU.Build.0 = Debug|Any CPU
		{66DF0C1E-04FA-48FC-9608-5DF74E3DE582}.Release|Any CPU.ActiveCfg = Release|Any CPU
		{66DF0C1E-04FA-48FC-9608-5DF74E3DE582}.Release|Any CPU.Build.0 = Release|Any CPU
		{80E4F0B7-B7B9-4F60-A2FB-754D67FA0117}.Debug|Any CPU.ActiveCfg = Debug|Any CPU
		{80E4F0B7-B7B9-4F60-A2FB-754D67FA0117}.Debug|Any CPU.Build.0 = Debug|Any CPU
		{80E4F0B7-B7B9-4F60-A2FB-754D67FA0117}.Release|Any CPU.ActiveCfg = Release|Any CPU
		{80E4F0B7-B7B9-4F60-A2FB-754D67FA0117}.Release|Any CPU.Build.0 = Release|Any CPU
		{CC47CB54-5E33-48CE-96F4-D6D29BB06F5C}.Debug|Any CPU.ActiveCfg = Debug|Any CPU
		{CC47CB54-5E33-48CE-96F4-D6D29BB06F5C}.Debug|Any CPU.Build.0 = Debug|Any CPU
		{CC47CB54-5E33-48CE-96F4-D6D29BB06F5C}.Release|Any CPU.ActiveCfg = Release|Any CPU
		{CC47CB54-5E33-48CE-96F4-D6D29BB06F5C}.Release|Any CPU.Build.0 = Release|Any CPU
		{89310D38-067F-4F8E-BF59-68E797E41EA2}.Debug|Any CPU.ActiveCfg = Debug|Any CPU
		{89310D38-067F-4F8E-BF59-68E797E41EA2}.Debug|Any CPU.Build.0 = Debug|Any CPU
		{89310D38-067F-4F8E-BF59-68E797E41EA2}.Release|Any CPU.ActiveCfg = Release|Any CPU
		{89310D38-067F-4F8E-BF59-68E797E41EA2}.Release|Any CPU.Build.0 = Release|Any CPU
		{2792F97E-9EA1-4929-8BD6-BEA2E8C9C1EE}.Debug|Any CPU.ActiveCfg = Debug|Any CPU
		{2792F97E-9EA1-4929-8BD6-BEA2E8C9C1EE}.Debug|Any CPU.Build.0 = Debug|Any CPU
		{2792F97E-9EA1-4929-8BD6-BEA2E8C9C1EE}.Release|Any CPU.ActiveCfg = Release|Any CPU
		{2792F97E-9EA1-4929-8BD6-BEA2E8C9C1EE}.Release|Any CPU.Build.0 = Release|Any CPU
		{8F70F52B-1863-46E9-977F-A70BCC9F7D1C}.Debug|Any CPU.ActiveCfg = Debug|Any CPU
		{8F70F52B-1863-46E9-977F-A70BCC9F7D1C}.Debug|Any CPU.Build.0 = Debug|Any CPU
		{8F70F52B-1863-46E9-977F-A70BCC9F7D1C}.Release|Any CPU.ActiveCfg = Release|Any CPU
		{8F70F52B-1863-46E9-977F-A70BCC9F7D1C}.Release|Any CPU.Build.0 = Release|Any CPU
		{6881DC80-A1E5-4D36-965E-E537CDEE3C13}.Debug|Any CPU.ActiveCfg = Debug|Any CPU
		{6881DC80-A1E5-4D36-965E-E537CDEE3C13}.Debug|Any CPU.Build.0 = Debug|Any CPU
		{6881DC80-A1E5-4D36-965E-E537CDEE3C13}.Release|Any CPU.ActiveCfg = Release|Any CPU
		{6881DC80-A1E5-4D36-965E-E537CDEE3C13}.Release|Any CPU.Build.0 = Release|Any CPU
		{2AC0A95E-0F1F-4076-AC8B-04AD4DCF9900}.Debug|Any CPU.ActiveCfg = Debug|Any CPU
		{2AC0A95E-0F1F-4076-AC8B-04AD4DCF9900}.Debug|Any CPU.Build.0 = Debug|Any CPU
		{2AC0A95E-0F1F-4076-AC8B-04AD4DCF9900}.Release|Any CPU.ActiveCfg = Release|Any CPU
		{2AC0A95E-0F1F-4076-AC8B-04AD4DCF9900}.Release|Any CPU.Build.0 = Release|Any CPU
		{CFE1D803-8033-4F93-846F-BB6EBC0D8A99}.Debug|Any CPU.ActiveCfg = Debug|Any CPU
		{CFE1D803-8033-4F93-846F-BB6EBC0D8A99}.Debug|Any CPU.Build.0 = Debug|Any CPU
		{CFE1D803-8033-4F93-846F-BB6EBC0D8A99}.Release|Any CPU.ActiveCfg = Release|Any CPU
		{CFE1D803-8033-4F93-846F-BB6EBC0D8A99}.Release|Any CPU.Build.0 = Release|Any CPU
		{63DB042D-0897-4C78-9F51-C11437D35A7E}.Debug|Any CPU.ActiveCfg = Debug|Any CPU
		{63DB042D-0897-4C78-9F51-C11437D35A7E}.Debug|Any CPU.Build.0 = Debug|Any CPU
		{63DB042D-0897-4C78-9F51-C11437D35A7E}.Release|Any CPU.ActiveCfg = Release|Any CPU
		{63DB042D-0897-4C78-9F51-C11437D35A7E}.Release|Any CPU.Build.0 = Release|Any CPU
		{3D535EBE-C8DB-433C-B521-B347AC01F481}.Debug|Any CPU.ActiveCfg = Debug|Any CPU
		{3D535EBE-C8DB-433C-B521-B347AC01F481}.Debug|Any CPU.Build.0 = Debug|Any CPU
		{3D535EBE-C8DB-433C-B521-B347AC01F481}.Release|Any CPU.ActiveCfg = Release|Any CPU
		{3D535EBE-C8DB-433C-B521-B347AC01F481}.Release|Any CPU.Build.0 = Release|Any CPU
	EndGlobalSection
	GlobalSection(SolutionProperties) = preSolution
		HideSolutionNode = FALSE
	EndGlobalSection
	GlobalSection(ExtensibilityGlobals) = postSolution
		SolutionGuid = {68F24E71-4338-46D6-9E81-EBFB0131FA17}
	EndGlobalSection
EndGlobal
